// !$*UTF8*$!
{
	archiveVersion = 1;
	classes = {
	};
	objectVersion = 77;
	objects = {

/* Begin PBXBuildFile section */
		57614D1C2D2D2A8C008862EF /* launchDaemon in Copy Launch Daemon Binary */ = {isa = PBXBuildFile; fileRef = 57614D0C2D2D27C4008862EF /* launchDaemon */; settings = {ATTRIBUTES = (CodeSignOnCopy, ); }; };
		57E9D1F62EBC972C006F6498 /* shared in Frameworks */ = {isa = PBXBuildFile; productRef = 57E9D1F52EBC972C006F6498 /* shared */; };
		57E9D1F82EBC9735006F6498 /* shared in Frameworks */ = {isa = PBXBuildFile; productRef = 57E9D1F72EBC9735006F6498 /* shared */; };
/* End PBXBuildFile section */

/* Begin PBXContainerItemProxy section */
		57614CCB2D2CEAA9008862EF /* PBXContainerItemProxy */ = {
			isa = PBXContainerItemProxy;
			containerPortal = 57614CB12D2CEAA7008862EF /* Project object */;
			proxyType = 1;
			remoteGlobalIDString = 57614CB82D2CEAA7008862EF;
			remoteInfo = seeker;
		};
		57614CD52D2CEAA9008862EF /* PBXContainerItemProxy */ = {
			isa = PBXContainerItemProxy;
			containerPortal = 57614CB12D2CEAA7008862EF /* Project object */;
			proxyType = 1;
			remoteGlobalIDString = 57614CB82D2CEAA7008862EF;
			remoteInfo = seeker;
		};
		57614D192D2D2A66008862EF /* PBXContainerItemProxy */ = {
			isa = PBXContainerItemProxy;
			containerPortal = 57614CB12D2CEAA7008862EF /* Project object */;
			proxyType = 1;
			remoteGlobalIDString = 57614D0B2D2D27C4008862EF;
			remoteInfo = launchDaemon;
		};
/* End PBXContainerItemProxy section */

/* Begin PBXCopyFilesBuildPhase section */
		57614D042D2D011F008862EF /* Copy Launch Daemon Plist */ = {
			isa = PBXCopyFilesBuildPhase;
			buildActionMask = 2147483647;
			dstPath = Contents/Library/LaunchDaemons;
			dstSubfolderSpec = 1;
			files = (
			);
			name = "Copy Launch Daemon Plist";
			runOnlyForDeploymentPostprocessing = 0;
		};
		57614D0A2D2D27C4008862EF /* CopyFiles */ = {
			isa = PBXCopyFilesBuildPhase;
			buildActionMask = 2147483647;
			dstPath = /usr/share/man/man1/;
			dstSubfolderSpec = 0;
			files = (
			);
			runOnlyForDeploymentPostprocessing = 1;
		};
		57614D1B2D2D2A75008862EF /* Copy Launch Daemon Binary */ = {
			isa = PBXCopyFilesBuildPhase;
			buildActionMask = 2147483647;
			dstPath = "";
			dstSubfolderSpec = 6;
			files = (
				57614D1C2D2D2A8C008862EF /* launchDaemon in Copy Launch Daemon Binary */,
			);
			name = "Copy Launch Daemon Binary";
			runOnlyForDeploymentPostprocessing = 0;
		};
/* End PBXCopyFilesBuildPhase section */

/* Begin PBXFileReference section */
		57614CB92D2CEAA7008862EF /* seeker.app */ = {isa = PBXFileReference; explicitFileType = wrapper.application; includeInIndex = 0; path = seeker.app; sourceTree = BUILT_PRODUCTS_DIR; };
		57614CCA2D2CEAA9008862EF /* seekerTests.xctest */ = {isa = PBXFileReference; explicitFileType = wrapper.cfbundle; includeInIndex = 0; path = seekerTests.xctest; sourceTree = BUILT_PRODUCTS_DIR; };
		57614CD42D2CEAA9008862EF /* seekerUITests.xctest */ = {isa = PBXFileReference; explicitFileType = wrapper.cfbundle; includeInIndex = 0; path = seekerUITests.xctest; sourceTree = BUILT_PRODUCTS_DIR; };
		57614D0C2D2D27C4008862EF /* launchDaemon */ = {isa = PBXFileReference; explicitFileType = "compiled.mach-o.executable"; includeInIndex = 0; path = launchDaemon; sourceTree = BUILT_PRODUCTS_DIR; };
		57E9D1F32EBC96D1006F6498 /* shared */ = {isa = PBXFileReference; lastKnownFileType = wrapper; path = shared; sourceTree = "<group>"; };
/* End PBXFileReference section */

/* Begin PBXFileSystemSynchronizedBuildFileExceptionSet section */
		57614D032D2D0073008862EF /* Exceptions for "seeker" folder in "seeker" target */ = {
			isa = PBXFileSystemSynchronizedBuildFileExceptionSet;
			membershipExceptions = (
				Info.plist,
				io.allsunday.seeker.launchDaemon.plist,
			);
			target = 57614CB82D2CEAA7008862EF /* seeker */;
		};
/* End PBXFileSystemSynchronizedBuildFileExceptionSet section */

/* Begin PBXFileSystemSynchronizedGroupBuildPhaseMembershipExceptionSet section */
		57614D062D2D0146008862EF /* Exceptions for "seeker" folder in "Copy Launch Daemon Plist" phase from "seeker" target */ = {
			isa = PBXFileSystemSynchronizedGroupBuildPhaseMembershipExceptionSet;
			buildPhase = 57614D042D2D011F008862EF /* Copy Launch Daemon Plist */;
			membershipExceptions = (
				io.allsunday.seeker.launchDaemon.plist,
			);
		};
/* End PBXFileSystemSynchronizedGroupBuildPhaseMembershipExceptionSet section */

/* Begin PBXFileSystemSynchronizedRootGroup section */
		57614CBB2D2CEAA7008862EF /* seeker */ = {
			isa = PBXFileSystemSynchronizedRootGroup;
			exceptions = (
				57614D032D2D0073008862EF /* Exceptions for "seeker" folder in "seeker" target */,
				57614D062D2D0146008862EF /* Exceptions for "seeker" folder in "Copy Launch Daemon Plist" phase from "seeker" target */,
			);
			path = seeker;
			sourceTree = "<group>";
		};
		57614CCD2D2CEAA9008862EF /* seekerTests */ = {
			isa = PBXFileSystemSynchronizedRootGroup;
			path = seekerTests;
			sourceTree = "<group>";
		};
		57614CD72D2CEAA9008862EF /* seekerUITests */ = {
			isa = PBXFileSystemSynchronizedRootGroup;
			path = seekerUITests;
			sourceTree = "<group>";
		};
		57614D0D2D2D27C4008862EF /* launchDaemon */ = {
			isa = PBXFileSystemSynchronizedRootGroup;
			path = launchDaemon;
			sourceTree = "<group>";
		};
/* End PBXFileSystemSynchronizedRootGroup section */

/* Begin PBXFrameworksBuildPhase section */
		57614CB62D2CEAA7008862EF /* Frameworks */ = {
			isa = PBXFrameworksBuildPhase;
			buildActionMask = 2147483647;
			files = (
				57E9D1F82EBC9735006F6498 /* shared in Frameworks */,
			);
			runOnlyForDeploymentPostprocessing = 0;
		};
		57614CC72D2CEAA9008862EF /* Frameworks */ = {
			isa = PBXFrameworksBuildPhase;
			buildActionMask = 2147483647;
			files = (
			);
			runOnlyForDeploymentPostprocessing = 0;
		};
		57614CD12D2CEAA9008862EF /* Frameworks */ = {
			isa = PBXFrameworksBuildPhase;
			buildActionMask = 2147483647;
			files = (
			);
			runOnlyForDeploymentPostprocessing = 0;
		};
		57614D092D2D27C4008862EF /* Frameworks */ = {
			isa = PBXFrameworksBuildPhase;
			buildActionMask = 2147483647;
			files = (
				57E9D1F62EBC972C006F6498 /* shared in Frameworks */,
			);
			runOnlyForDeploymentPostprocessing = 0;
		};
/* End PBXFrameworksBuildPhase section */

/* Begin PBXGroup section */
		57614CB02D2CEAA7008862EF = {
			isa = PBXGroup;
			children = (
				57E9D1F32EBC96D1006F6498 /* shared */,
				57614CBB2D2CEAA7008862EF /* seeker */,
				57614D0D2D2D27C4008862EF /* launchDaemon */,
				57614CCD2D2CEAA9008862EF /* seekerTests */,
				57614CD72D2CEAA9008862EF /* seekerUITests */,
				57E9D1F42EBC972C006F6498 /* Frameworks */,
				57614CBA2D2CEAA7008862EF /* Products */,
			);
			sourceTree = "<group>";
		};
		57614CBA2D2CEAA7008862EF /* Products */ = {
			isa = PBXGroup;
			children = (
				57614CB92D2CEAA7008862EF /* seeker.app */,
				57614CCA2D2CEAA9008862EF /* seekerTests.xctest */,
				57614CD42D2CEAA9008862EF /* seekerUITests.xctest */,
				57614D0C2D2D27C4008862EF /* launchDaemon */,
			);
			name = Products;
			sourceTree = "<group>";
		};
		57E9D1F42EBC972C006F6498 /* Frameworks */ = {
			isa = PBXGroup;
			children = (
			);
			name = Frameworks;
			sourceTree = "<group>";
		};
/* End PBXGroup section */

/* Begin PBXNativeTarget section */
		57614CB82D2CEAA7008862EF /* seeker */ = {
			isa = PBXNativeTarget;
			buildConfigurationList = 57614CDE2D2CEAA9008862EF /* Build configuration list for PBXNativeTarget "seeker" */;
			buildPhases = (
				644021FF81D35B0CD2288AC6 /* Build Rust Seeker */,
				57614CB52D2CEAA7008862EF /* Sources */,
				57614CB62D2CEAA7008862EF /* Frameworks */,
				57614CB72D2CEAA7008862EF /* Resources */,
				57614D042D2D011F008862EF /* Copy Launch Daemon Plist */,
				57614D1B2D2D2A75008862EF /* Copy Launch Daemon Binary */,
			);
			buildRules = (
			);
			dependencies = (
				57614D1A2D2D2A66008862EF /* PBXTargetDependency */,
			);
			fileSystemSynchronizedGroups = (
				57614CBB2D2CEAA7008862EF /* seeker */,
			);
			name = seeker;
			productName = seeker;
			productReference = 57614CB92D2CEAA7008862EF /* seeker.app */;
			productType = "com.apple.product-type.application";
		};
		57614CC92D2CEAA9008862EF /* seekerTests */ = {
			isa = PBXNativeTarget;
			buildConfigurationList = 57614CE12D2CEAA9008862EF /* Build configuration list for PBXNativeTarget "seekerTests" */;
			buildPhases = (
				57614CC62D2CEAA9008862EF /* Sources */,
				57614CC72D2CEAA9008862EF /* Frameworks */,
				57614CC82D2CEAA9008862EF /* Resources */,
			);
			buildRules = (
			);
			dependencies = (
				57614CCC2D2CEAA9008862EF /* PBXTargetDependency */,
			);
			fileSystemSynchronizedGroups = (
				57614CCD2D2CEAA9008862EF /* seekerTests */,
			);
			name = seekerTests;
			productName = seekerTests;
			productReference = 57614CCA2D2CEAA9008862EF /* seekerTests.xctest */;
			productType = "com.apple.product-type.bundle.unit-test";
		};
		57614CD32D2CEAA9008862EF /* seekerUITests */ = {
			isa = PBXNativeTarget;
			buildConfigurationList = 57614CE42D2CEAA9008862EF /* Build configuration list for PBXNativeTarget "seekerUITests" */;
			buildPhases = (
				57614CD02D2CEAA9008862EF /* Sources */,
				57614CD12D2CEAA9008862EF /* Frameworks */,
				57614CD22D2CEAA9008862EF /* Resources */,
			);
			buildRules = (
			);
			dependencies = (
				57614CD62D2CEAA9008862EF /* PBXTargetDependency */,
			);
			fileSystemSynchronizedGroups = (
				57614CD72D2CEAA9008862EF /* seekerUITests */,
			);
			name = seekerUITests;
			productName = seekerUITests;
			productReference = 57614CD42D2CEAA9008862EF /* seekerUITests.xctest */;
			productType = "com.apple.product-type.bundle.ui-testing";
		};
		57614D0B2D2D27C4008862EF /* launchDaemon */ = {
			isa = PBXNativeTarget;
			buildConfigurationList = 57614D102D2D27C4008862EF /* Build configuration list for PBXNativeTarget "launchDaemon" */;
			buildPhases = (
				57614D082D2D27C4008862EF /* Sources */,
				57614D092D2D27C4008862EF /* Frameworks */,
				57614D0A2D2D27C4008862EF /* CopyFiles */,
			);
			buildRules = (
			);
			dependencies = (
			);
			fileSystemSynchronizedGroups = (
				57614D0D2D2D27C4008862EF /* launchDaemon */,
			);
			name = launchDaemon;
			productName = launchDaemon;
			productReference = 57614D0C2D2D27C4008862EF /* launchDaemon */;
			productType = "com.apple.product-type.tool";
		};
/* End PBXNativeTarget section */

/* Begin PBXProject section */
		57614CB12D2CEAA7008862EF /* Project object */ = {
			isa = PBXProject;
			attributes = {
				BuildIndependentTargetsInParallel = 1;
				LastSwiftUpdateCheck = 1620;
				LastUpgradeCheck = 2600;
				TargetAttributes = {
					57614CB82D2CEAA7008862EF = {
						CreatedOnToolsVersion = 16.2;
					};
					57614CC92D2CEAA9008862EF = {
						CreatedOnToolsVersion = 16.2;
						TestTargetID = 57614CB82D2CEAA7008862EF;
					};
					57614CD32D2CEAA9008862EF = {
						CreatedOnToolsVersion = 16.2;
						TestTargetID = 57614CB82D2CEAA7008862EF;
					};
					57614D0B2D2D27C4008862EF = {
						CreatedOnToolsVersion = 16.2;
					};
				};
			};
			buildConfigurationList = 57614CB42D2CEAA7008862EF /* Build configuration list for PBXProject "seeker" */;
			developmentRegion = en;
			hasScannedForEncodings = 0;
			knownRegions = (
				en,
				Base,
			);
			mainGroup = 57614CB02D2CEAA7008862EF;
			minimizedProjectReferenceProxies = 1;
			preferredProjectObjectVersion = 77;
			productRefGroup = 57614CBA2D2CEAA7008862EF /* Products */;
			projectDirPath = "";
			projectRoot = "";
			targets = (
				57614CB82D2CEAA7008862EF /* seeker */,
				57614CC92D2CEAA9008862EF /* seekerTests */,
				57614CD32D2CEAA9008862EF /* seekerUITests */,
				57614D0B2D2D27C4008862EF /* launchDaemon */,
			);
		};
/* End PBXProject section */

/* Begin PBXResourcesBuildPhase section */
		57614CB72D2CEAA7008862EF /* Resources */ = {
			isa = PBXResourcesBuildPhase;
			buildActionMask = 2147483647;
			files = (
			);
			runOnlyForDeploymentPostprocessing = 0;
		};
		57614CC82D2CEAA9008862EF /* Resources */ = {
			isa = PBXResourcesBuildPhase;
			buildActionMask = 2147483647;
			files = (
			);
			runOnlyForDeploymentPostprocessing = 0;
		};
		57614CD22D2CEAA9008862EF /* Resources */ = {
			isa = PBXResourcesBuildPhase;
			buildActionMask = 2147483647;
			files = (
			);
			runOnlyForDeploymentPostprocessing = 0;
		};
/* End PBXResourcesBuildPhase section */

/* Begin PBXShellScriptBuildPhase section */
		644021FF81D35B0CD2288AC6 /* Build Rust Seeker */ = {
			isa = PBXShellScriptBuildPhase;
			alwaysOutOfDate = 1;
			buildActionMask = 2147483647;
			files = (
			);
			inputFileListPaths = (
			);
			inputPaths = (
				"$(SRCROOT)/rust-seeker/Cargo.toml",
				"$(SRCROOT)/rust-seeker/Cargo.lock",
				"$(SRCROOT)/scripts/build-rust-seeker.sh",
			);
			name = "Build Rust Seeker";
			outputFileListPaths = (
			);
			outputPaths = (
				"$(BUILT_PRODUCTS_DIR)/$(PRODUCT_NAME).app/Contents/MacOS/seeker-proxy",
			);
			runOnlyForDeploymentPostprocessing = 0;
			shellPath = /bin/sh;
			shellScript = "\"${SRCROOT}/scripts/build-rust-seeker.sh\"\n";
			showEnvVarsInLog = 0;
		};
/* End PBXShellScriptBuildPhase section */

/* Begin PBXSourcesBuildPhase section */
		57614CB52D2CEAA7008862EF /* Sources */ = {
			isa = PBXSourcesBuildPhase;
			buildActionMask = 2147483647;
			files = (
			);
			runOnlyForDeploymentPostprocessing = 0;
		};
		57614CC62D2CEAA9008862EF /* Sources */ = {
			isa = PBXSourcesBuildPhase;
			buildActionMask = 2147483647;
			files = (
			);
			runOnlyForDeploymentPostprocessing = 0;
		};
		57614CD02D2CEAA9008862EF /* Sources */ = {
			isa = PBXSourcesBuildPhase;
			buildActionMask = 2147483647;
			files = (
			);
			runOnlyForDeploymentPostprocessing = 0;
		};
		57614D082D2D27C4008862EF /* Sources */ = {
			isa = PBXSourcesBuildPhase;
			buildActionMask = 2147483647;
			files = (
			);
			runOnlyForDeploymentPostprocessing = 0;
		};
/* End PBXSourcesBuildPhase section */

/* Begin PBXTargetDependency section */
		57614CCC2D2CEAA9008862EF /* PBXTargetDependency */ = {
			isa = PBXTargetDependency;
			target = 57614CB82D2CEAA7008862EF /* seeker */;
			targetProxy = 57614CCB2D2CEAA9008862EF /* PBXContainerItemProxy */;
		};
		57614CD62D2CEAA9008862EF /* PBXTargetDependency */ = {
			isa = PBXTargetDependency;
			target = 57614CB82D2CEAA7008862EF /* seeker */;
			targetProxy = 57614CD52D2CEAA9008862EF /* PBXContainerItemProxy */;
		};
		57614D1A2D2D2A66008862EF /* PBXTargetDependency */ = {
			isa = PBXTargetDependency;
			target = 57614D0B2D2D27C4008862EF /* launchDaemon */;
			targetProxy = 57614D192D2D2A66008862EF /* PBXContainerItemProxy */;
		};
/* End PBXTargetDependency section */

/* Begin XCBuildConfiguration section */
		57614CDC2D2CEAA9008862EF /* Debug */ = {
			isa = XCBuildConfiguration;
			buildSettings = {
				ALWAYS_SEARCH_USER_PATHS = NO;
				ASSETCATALOG_COMPILER_GENERATE_SWIFT_ASSET_SYMBOL_EXTENSIONS = YES;
				CLANG_ANALYZER_NONNULL = YES;
				CLANG_ANALYZER_NUMBER_OBJECT_CONVERSION = YES_AGGRESSIVE;
				CLANG_CXX_LANGUAGE_STANDARD = "gnu++20";
				CLANG_ENABLE_MODULES = YES;
				CLANG_ENABLE_OBJC_ARC = YES;
				CLANG_ENABLE_OBJC_WEAK = YES;
				CLANG_WARN_BLOCK_CAPTURE_AUTORELEASING = YES;
				CLANG_WARN_BOOL_CONVERSION = YES;
				CLANG_WARN_COMMA = YES;
				CLANG_WARN_CONSTANT_CONVERSION = YES;
				CLANG_WARN_DEPRECATED_OBJC_IMPLEMENTATIONS = YES;
				CLANG_WARN_DIRECT_OBJC_ISA_USAGE = YES_ERROR;
				CLANG_WARN_DOCUMENTATION_COMMENTS = YES;
				CLANG_WARN_EMPTY_BODY = YES;
				CLANG_WARN_ENUM_CONVERSION = YES;
				CLANG_WARN_INFINITE_RECURSION = YES;
				CLANG_WARN_INT_CONVERSION = YES;
				CLANG_WARN_NON_LITERAL_NULL_CONVERSION = YES;
				CLANG_WARN_OBJC_IMPLICIT_RETAIN_SELF = YES;
				CLANG_WARN_OBJC_LITERAL_CONVERSION = YES;
				CLANG_WARN_OBJC_ROOT_CLASS = YES_ERROR;
				CLANG_WARN_QUOTED_INCLUDE_IN_FRAMEWORK_HEADER = YES;
				CLANG_WARN_RANGE_LOOP_ANALYSIS = YES;
				CLANG_WARN_STRICT_PROTOTYPES = YES;
				CLANG_WARN_SUSPICIOUS_MOVE = YES;
				CLANG_WARN_UNGUARDED_AVAILABILITY = YES_AGGRESSIVE;
				CLANG_WARN_UNREACHABLE_CODE = YES;
				CLANG_WARN__DUPLICATE_METHOD_MATCH = YES;
				COPY_PHASE_STRIP = NO;
				DEAD_CODE_STRIPPING = YES;
				DEBUG_INFORMATION_FORMAT = dwarf;
				DEVELOPMENT_TEAM = 6NVVN7F4WA;
				ENABLE_STRICT_OBJC_MSGSEND = YES;
				ENABLE_TESTABILITY = YES;
				ENABLE_USER_SCRIPT_SANDBOXING = NO;
				GCC_C_LANGUAGE_STANDARD = gnu17;
				GCC_DYNAMIC_NO_PIC = NO;
				GCC_NO_COMMON_BLOCKS = YES;
				GCC_OPTIMIZATION_LEVEL = 0;
				GCC_PREPROCESSOR_DEFINITIONS = (
					"DEBUG=1",
					"$(inherited)",
				);
				GCC_WARN_64_TO_32_BIT_CONVERSION = YES;
				GCC_WARN_ABOUT_RETURN_TYPE = YES_ERROR;
				GCC_WARN_UNDECLARED_SELECTOR = YES;
				GCC_WARN_UNINITIALIZED_AUTOS = YES_AGGRESSIVE;
				GCC_WARN_UNUSED_FUNCTION = YES;
				GCC_WARN_UNUSED_VARIABLE = YES;
				LOCALIZATION_PREFERS_STRING_CATALOGS = YES;
				MACOSX_DEPLOYMENT_TARGET = 15.1;
				MTL_ENABLE_DEBUG_INFO = INCLUDE_SOURCE;
				MTL_FAST_MATH = YES;
				ONLY_ACTIVE_ARCH = YES;
				SDKROOT = macosx;
				STRING_CATALOG_GENERATE_SYMBOLS = YES;
				SWIFT_ACTIVE_COMPILATION_CONDITIONS = "DEBUG $(inherited)";
				SWIFT_OPTIMIZATION_LEVEL = "-Onone";
			};
			name = Debug;
		};
		57614CDD2D2CEAA9008862EF /* Release */ = {
			isa = XCBuildConfiguration;
			buildSettings = {
				ALWAYS_SEARCH_USER_PATHS = NO;
				ASSETCATALOG_COMPILER_GENERATE_SWIFT_ASSET_SYMBOL_EXTENSIONS = YES;
				CLANG_ANALYZER_NONNULL = YES;
				CLANG_ANALYZER_NUMBER_OBJECT_CONVERSION = YES_AGGRESSIVE;
				CLANG_CXX_LANGUAGE_STANDARD = "gnu++20";
				CLANG_ENABLE_MODULES = YES;
				CLANG_ENABLE_OBJC_ARC = YES;
				CLANG_ENABLE_OBJC_WEAK = YES;
				CLANG_WARN_BLOCK_CAPTURE_AUTORELEASING = YES;
				CLANG_WARN_BOOL_CONVERSION = YES;
				CLANG_WARN_COMMA = YES;
				CLANG_WARN_CONSTANT_CONVERSION = YES;
				CLANG_WARN_DEPRECATED_OBJC_IMPLEMENTATIONS = YES;
				CLANG_WARN_DIRECT_OBJC_ISA_USAGE = YES_ERROR;
				CLANG_WARN_DOCUMENTATION_COMMENTS = YES;
				CLANG_WARN_EMPTY_BODY = YES;
				CLANG_WARN_ENUM_CONVERSION = YES;
				CLANG_WARN_INFINITE_RECURSION = YES;
				CLANG_WARN_INT_CONVERSION = YES;
				CLANG_WARN_NON_LITERAL_NULL_CONVERSION = YES;
				CLANG_WARN_OBJC_IMPLICIT_RETAIN_SELF = YES;
				CLANG_WARN_OBJC_LITERAL_CONVERSION = YES;
				CLANG_WARN_OBJC_ROOT_CLASS = YES_ERROR;
				CLANG_WARN_QUOTED_INCLUDE_IN_FRAMEWORK_HEADER = YES;
				CLANG_WARN_RANGE_LOOP_ANALYSIS = YES;
				CLANG_WARN_STRICT_PROTOTYPES = YES;
				CLANG_WARN_SUSPICIOUS_MOVE = YES;
				CLANG_WARN_UNGUARDED_AVAILABILITY = YES_AGGRESSIVE;
				CLANG_WARN_UNREACHABLE_CODE = YES;
				CLANG_WARN__DUPLICATE_METHOD_MATCH = YES;
				COPY_PHASE_STRIP = NO;
				DEAD_CODE_STRIPPING = YES;
				DEBUG_INFORMATION_FORMAT = "dwarf-with-dsym";
				DEVELOPMENT_TEAM = 6NVVN7F4WA;
				ENABLE_NS_ASSERTIONS = NO;
				ENABLE_STRICT_OBJC_MSGSEND = YES;
				ENABLE_USER_SCRIPT_SANDBOXING = NO;
				GCC_C_LANGUAGE_STANDARD = gnu17;
				GCC_NO_COMMON_BLOCKS = YES;
				GCC_WARN_64_TO_32_BIT_CONVERSION = YES;
				GCC_WARN_ABOUT_RETURN_TYPE = YES_ERROR;
				GCC_WARN_UNDECLARED_SELECTOR = YES;
				GCC_WARN_UNINITIALIZED_AUTOS = YES_AGGRESSIVE;
				GCC_WARN_UNUSED_FUNCTION = YES;
				GCC_WARN_UNUSED_VARIABLE = YES;
				LOCALIZATION_PREFERS_STRING_CATALOGS = YES;
				MACOSX_DEPLOYMENT_TARGET = 15.1;
				MTL_ENABLE_DEBUG_INFO = NO;
				MTL_FAST_MATH = YES;
				SDKROOT = macosx;
				STRING_CATALOG_GENERATE_SYMBOLS = YES;
				SWIFT_COMPILATION_MODE = wholemodule;
			};
			name = Release;
		};
		57614CDF2D2CEAA9008862EF /* Debug */ = {
			isa = XCBuildConfiguration;
			buildSettings = {
				ASSETCATALOG_COMPILER_APPICON_NAME = AppIcon;
				ASSETCATALOG_COMPILER_GLOBAL_ACCENT_COLOR_NAME = AccentColor;
				CODE_SIGN_ENTITLEMENTS = seeker/seeker.entitlements;
				CODE_SIGN_STYLE = Automatic;
				COMBINE_HIDPI_IMAGES = YES;
				CURRENT_PROJECT_VERSION = 1;
				DEAD_CODE_STRIPPING = YES;
				DEVELOPMENT_ASSET_PATHS = "\"seeker/Preview Content\"";
				ENABLE_APP_SANDBOX = NO;
				ENABLE_HARDENED_RUNTIME = YES;
				ENABLE_PREVIEWS = YES;
				ENABLE_USER_SELECTED_FILES = readonly;
				GENERATE_INFOPLIST_FILE = YES;
				INFOPLIST_FILE = seeker/Info.plist;
				INFOPLIST_KEY_LSApplicationCategoryType = "public.app-category.developer-tools";
				INFOPLIST_KEY_LSUIElement = YES;
				INFOPLIST_KEY_NSHumanReadableCopyright = "";
				LD_RUNPATH_SEARCH_PATHS = (
					"$(inherited)",
					"@executable_path/../Frameworks",
				);
				MACOSX_DEPLOYMENT_TARGET = 15.1;
				MARKETING_VERSION = 1.0;
				PRODUCT_BUNDLE_IDENTIFIER = io.allsunday.seeker;
				PRODUCT_NAME = "$(TARGET_NAME)";
				SWIFT_EMIT_LOC_STRINGS = YES;
				SWIFT_VERSION = 6.0;
			};
			name = Debug;
		};
		57614CE02D2CEAA9008862EF /* Release */ = {
			isa = XCBuildConfiguration;
			buildSettings = {
				ASSETCATALOG_COMPILER_APPICON_NAME = AppIcon;
				ASSETCATALOG_COMPILER_GLOBAL_ACCENT_COLOR_NAME = AccentColor;
				CODE_SIGN_ENTITLEMENTS = seeker/seeker.entitlements;
				CODE_SIGN_STYLE = Automatic;
				COMBINE_HIDPI_IMAGES = YES;
				CURRENT_PROJECT_VERSION = 1;
				DEAD_CODE_STRIPPING = YES;
				DEVELOPMENT_ASSET_PATHS = "\"seeker/Preview Content\"";
				ENABLE_APP_SANDBOX = NO;
				ENABLE_HARDENED_RUNTIME = YES;
				ENABLE_PREVIEWS = YES;
				ENABLE_USER_SELECTED_FILES = readonly;
				GENERATE_INFOPLIST_FILE = YES;
				INFOPLIST_FILE = seeker/Info.plist;
				INFOPLIST_KEY_LSApplicationCategoryType = "public.app-category.developer-tools";
				INFOPLIST_KEY_LSUIElement = YES;
				INFOPLIST_KEY_NSHumanReadableCopyright = "";
				LD_RUNPATH_SEARCH_PATHS = (
					"$(inherited)",
					"@executable_path/../Frameworks",
				);
				MACOSX_DEPLOYMENT_TARGET = 15.1;
				MARKETING_VERSION = 1.0;
				PRODUCT_BUNDLE_IDENTIFIER = io.allsunday.seeker;
				PRODUCT_NAME = "$(TARGET_NAME)";
				SWIFT_EMIT_LOC_STRINGS = YES;
				SWIFT_VERSION = 6.0;
			};
			name = Release;
		};
		57614CE22D2CEAA9008862EF /* Debug */ = {
			isa = XCBuildConfiguration;
			buildSettings = {
				BUNDLE_LOADER = "$(TEST_HOST)";
				CODE_SIGN_STYLE = Automatic;
				CURRENT_PROJECT_VERSION = 1;
				DEAD_CODE_STRIPPING = YES;
				GENERATE_INFOPLIST_FILE = YES;
				MACOSX_DEPLOYMENT_TARGET = 15.1;
				MARKETING_VERSION = 1.0;
				PRODUCT_BUNDLE_IDENTIFIER = io.allsunday.seekerTests;
				PRODUCT_NAME = "$(TARGET_NAME)";
				SWIFT_EMIT_LOC_STRINGS = NO;
				SWIFT_VERSION = 5.0;
				TEST_HOST = "$(BUILT_PRODUCTS_DIR)/seeker.app/$(BUNDLE_EXECUTABLE_FOLDER_PATH)/seeker";
			};
			name = Debug;
		};
		57614CE32D2CEAA9008862EF /* Release */ = {
			isa = XCBuildConfiguration;
			buildSettings = {
				BUNDLE_LOADER = "$(TEST_HOST)";
				CODE_SIGN_STYLE = Automatic;
				CURRENT_PROJECT_VERSION = 1;
				DEAD_CODE_STRIPPING = YES;
				GENERATE_INFOPLIST_FILE = YES;
				MACOSX_DEPLOYMENT_TARGET = 15.1;
				MARKETING_VERSION = 1.0;
				PRODUCT_BUNDLE_IDENTIFIER = io.allsunday.seekerTests;
				PRODUCT_NAME = "$(TARGET_NAME)";
				SWIFT_EMIT_LOC_STRINGS = NO;
				SWIFT_VERSION = 5.0;
				TEST_HOST = "$(BUILT_PRODUCTS_DIR)/seeker.app/$(BUNDLE_EXECUTABLE_FOLDER_PATH)/seeker";
			};
			name = Release;
		};
		57614CE52D2CEAA9008862EF /* Debug */ = {
			isa = XCBuildConfiguration;
			buildSettings = {
				CODE_SIGN_STYLE = Automatic;
				CURRENT_PROJECT_VERSION = 1;
				DEAD_CODE_STRIPPING = YES;
				GENERATE_INFOPLIST_FILE = YES;
				MARKETING_VERSION = 1.0;
				PRODUCT_BUNDLE_IDENTIFIER = io.allsunday.seekerUITests;
				PRODUCT_NAME = "$(TARGET_NAME)";
				SWIFT_EMIT_LOC_STRINGS = NO;
				SWIFT_VERSION = 5.0;
				TEST_TARGET_NAME = seeker;
			};
			name = Debug;
		};
		57614CE62D2CEAA9008862EF /* Release */ = {
			isa = XCBuildConfiguration;
			buildSettings = {
				CODE_SIGN_STYLE = Automatic;
				CURRENT_PROJECT_VERSION = 1;
				DEAD_CODE_STRIPPING = YES;
				GENERATE_INFOPLIST_FILE = YES;
				MARKETING_VERSION = 1.0;
				PRODUCT_BUNDLE_IDENTIFIER = io.allsunday.seekerUITests;
				PRODUCT_NAME = "$(TARGET_NAME)";
				SWIFT_EMIT_LOC_STRINGS = NO;
				SWIFT_VERSION = 5.0;
				TEST_TARGET_NAME = seeker;
			};
			name = Release;
		};
		57614D112D2D27C4008862EF /* Debug */ = {
			isa = XCBuildConfiguration;
			buildSettings = {
				CODE_SIGN_ENTITLEMENTS = "";
				CODE_SIGN_INJECT_BASE_ENTITLEMENTS = YES;
				CODE_SIGN_STYLE = Automatic;
				DEAD_CODE_STRIPPING = YES;
				ENABLE_HARDENED_RUNTIME = YES;
				OTHER_CODE_SIGN_FLAGS = "";
				PRODUCT_BUNDLE_IDENTIFIER = io.allsunday.seeker.launchdaemon;
				PRODUCT_NAME = "$(TARGET_NAME)";
				SKIP_INSTALL = YES;
				SWIFT_VERSION = 6.0;
			};
			name = Debug;
		};
		57614D122D2D27C4008862EF /* Release */ = {
			isa = XCBuildConfiguration;
			buildSettings = {
				CODE_SIGN_ENTITLEMENTS = "";
				CODE_SIGN_INJECT_BASE_ENTITLEMENTS = YES;
				CODE_SIGN_STYLE = Automatic;
				DEAD_CODE_STRIPPING = YES;
				ENABLE_HARDENED_RUNTIME = YES;
				OTHER_CODE_SIGN_FLAGS = "";
				PRODUCT_BUNDLE_IDENTIFIER = io.allsunday.seeker.launchdaemon;
				PRODUCT_NAME = "$(TARGET_NAME)";
				SKIP_INSTALL = YES;
				SWIFT_VERSION = 6.0;
			};
			name = Release;
		};
/* End XCBuildConfiguration section */

/* Begin XCConfigurationList section */
		57614CB42D2CEAA7008862EF /* Build configuration list for PBXProject "seeker" */ = {
			isa = XCConfigurationList;
			buildConfigurations = (
				57614CDC2D2CEAA9008862EF /* Debug */,
				57614CDD2D2CEAA9008862EF /* Release */,
			);
			defaultConfigurationIsVisible = 0;
			defaultConfigurationName = Release;
		};
		57614CDE2D2CEAA9008862EF /* Build configuration list for PBXNativeTarget "seeker" */ = {
			isa = XCConfigurationList;
			buildConfigurations = (
				57614CDF2D2CEAA9008862EF /* Debug */,
				57614CE02D2CEAA9008862EF /* Release */,
			);
			defaultConfigurationIsVisible = 0;
			defaultConfigurationName = Release;
		};
		57614CE12D2CEAA9008862EF /* Build configuration list for PBXNativeTarget "seekerTests" */ = {
			isa = XCConfigurationList;
			buildConfigurations = (
				57614CE22D2CEAA9008862EF /* Debug */,
				57614CE32D2CEAA9008862EF /* Release */,
			);
			defaultConfigurationIsVisible = 0;
			defaultConfigurationName = Release;
		};
		57614CE42D2CEAA9008862EF /* Build configuration list for PBXNativeTarget "seekerUITests" */ = {
			isa = XCConfigurationList;
			buildConfigurations = (
				57614CE52D2CEAA9008862EF /* Debug */,
				57614CE62D2CEAA9008862EF /* Release */,
			);
			defaultConfigurationIsVisible = 0;
			defaultConfigurationName = Release;
		};
		57614D102D2D27C4008862EF /* Build configuration list for PBXNativeTarget "launchDaemon" */ = {
			isa = XCConfigurationList;
			buildConfigurations = (
				57614D112D2D27C4008862EF /* Debug */,
				57614D122D2D27C4008862EF /* Release */,
			);
			defaultConfigurationIsVisible = 0;
			defaultConfigurationName = Release;
		};
/* End XCConfigurationList section */

/* Begin XCSwiftPackageProductDependency section */
		57E9D1F52EBC972C006F6498 /* shared */ = {
			isa = XCSwiftPackageProductDependency;
			productName = shared;
		};
		57E9D1F72EBC9735006F6498 /* shared */ = {
			isa = XCSwiftPackageProductDependency;
			productName = shared;
		};
/* End XCSwiftPackageProductDependency section */
	};
	rootObject = 57614CB12D2CEAA7008862EF /* Project object */;
}
